<Solution>
  <Folder Name="/apps/" />
  <Folder Name="/apps/api/">
    <Project Path="apps/api/ObeAunQa.Api.csproj" />
  </Folder>
  <Folder Name="/modules/" />
  <Folder Name="/modules/common/" />
  <Folder Name="/modules/common/identity/" />
  <Folder Name="/modules/common/identity/backend/">
    <Project Path="modules/common/identity/backend/ObeAunQa.Modules.Identity.csproj" />
  </Folder>
  <Folder Name="/modules/common/identity/backend/tests/">
    <Project Path="modules/common/identity/backend/tests/ObeAunQa.Modules.Identity.Tests.csproj" />
  </Folder>
  <Folder Name="/modules/common/curriculum/" />
  <Folder Name="/modules/common/curriculum/backend/">
    <Project Path="modules/common/curriculum/backend/ObeAunQa.Modules.Curriculum.csproj" />
  </Folder>
  <Folder Name="/modules/common/curriculum/backend/tests/">
    <Project Path="modules/common/curriculum/backend/tests/ObeAunQa.Modules.Curriculum.Tests.csproj" />
  </Folder>
  <Folder Name="/modules/sv4/" />
  <Folder Name="/modules/sv4/accreditation/" />
  <Folder Name="/modules/sv4/accreditation/backend/">
    <Project Path="modules/sv4/accreditation/backend/ObeAunQa.Modules.Accreditation.csproj" />
  </Folder>
  <Folder Name="/modules/sv4/accreditation/backend/tests/">
    <Project Path="modules/sv4/accreditation/backend/tests/ObeAunQa.Modules.Accreditation.Tests.csproj" />
  </Folder>
  <Folder Name="/modules/sv5/" />
  <Folder Name="/modules/sv5/reporting/" />
  <Folder Name="/modules/sv5/reporting/backend/">
    <Project Path="modules/sv5/reporting/backend/ObeAunQa.Modules.Reporting.csproj" />
  </Folder>
  <Folder Name="/shared/" />
  <Folder Name="/shared/backend/">
    <Project Path="shared/backend/ObeAunQa.SharedKernel.csproj" />
  </Folder>
</Solution>
